{
  "requires": true,
  "lockfileVersion": 1,
  "dependencies": {
    "tizen-tv-webapis": {
      "version": "2.0.0",
      "resolved": "https://registry.npmjs.org/tizen-tv-webapis/-/tizen-tv-webapis-2.0.0.tgz",
      "integrity": "sha512-B22FSM3QqVha1La9P7H8e/W7HYCMZ55nGV7n8mBwkXoKdzMqqDSjZl4C2y1gPUH11DdMcBFCTYT7YsdJt+BShg=="
    }
  }
}
